
Microsoft Visual Studio Solution File, Format Version 12.00
# Visual Studio Version 17
VisualStudioVersion = 17.11.35312.102
MinimumVisualStudioVersion = 10.0.40219.1
Project("{FAE04EC0-301F-11D3-BF4B-00C04F79EFBC}") = "03.MakingDecision", "03.MakingDecision\03.MakingDecision.csproj", "{21C76017-0A77-41D0-B137-B0DC72BF3DA6}"
EndProject
Global
	GlobalSection(SolutionConfigurationPlatforms) = preSolution
		Debug|Any CPU = Debug|Any CPU
		Release|Any CPU = Release|Any CPU
	EndGlobalSection
	GlobalSection(ProjectConfigurationPlatforms) = postSolution
		{21C76017-0A77-41D0-B137-B0DC72BF3DA6}.Debug|Any CPU.ActiveCfg = Debug|Any CPU
		{21C76017-0A77-41D0-B137-B0DC72BF3DA6}.Debug|Any CPU.Build.0 = Debug|Any CPU
		{21C76017-0A77-41D0-B137-B0DC72BF3DA6}.Release|Any CPU.ActiveCfg = Release|Any CPU
		{21C76017-0A77-41D0-B137-B0DC72BF3DA6}.Release|Any CPU.Build.0 = Release|Any CPU
	EndGlobalSection
	GlobalSection(SolutionProperties) = preSolution
		HideSolutionNode = FALSE
	EndGlobalSection
	GlobalSection(ExtensibilityGlobals) = postSolution
		SolutionGuid = {5D7659B4-FB27-4D6F-BDE8-4C21959557C1}
	EndGlobalSection
EndGlobal
